// !$*UTF8*$!
{
	archiveVersion = 1;
	classes = {
	};
	objectVersion = 55;
	objects = {

/* Begin PBXBuildFile section */
		8A586B622783E69F002B6E4C /* MySwiftUIApp.swift in Sources */ = {isa = PBXBuildFile; fileRef = 8A586B612783E69F002B6E4C /* MySwiftUIApp.swift */; };
		8A586B642783E69F002B6E4C /* ContentView.swift in Sources */ = {isa = PBXBuildFile; fileRef = 8A586B632783E69F002B6E4C /* ContentView.swift */; };
		8A586B662783E6A1002B6E4C /* Assets.xcassets in Resources */ = {isa = PBXBuildFile; fileRef = 8A586B652783E6A1002B6E4C /* Assets.xcassets */; };
		8A586B692783E6A1002B6E4C /* Preview Assets.xcassets in Resources */ = {isa = PBXBuildFile; fileRef = 8A586B682783E6A1002B6E4C /* Preview Assets.xcassets */; };
		8A586B76278418FD002B6E4C /* ProfileView.swift in Sources */ = {isa = PBXBuildFile; fileRef = 8A586B75278418FD002B6E4C /* ProfileView.swift */; };
		8A586B7A27841A90002B6E4C /* LandmarksView.swift in Sources */ = {isa = PBXBuildFile; fileRef = 8A586B7927841A90002B6E4C /* LandmarksView.swift */; };
		8A586B7F278427D8002B6E4C /* CircleImageView.swift in Sources */ = {isa = PBXBuildFile; fileRef = 8A586B7E278427D8002B6E4C /* CircleImageView.swift */; };
		8A586B81278428E8002B6E4C /* MapView.swift in Sources */ = {isa = PBXBuildFile; fileRef = 8A586B80278428E8002B6E4C /* MapView.swift */; };
		8A586B8427843450002B6E4C /* landmarkData.json in Resources */ = {isa = PBXBuildFile; fileRef = 8A586B8327843450002B6E4C /* landmarkData.json */; };
		8A586B86278434CD002B6E4C /* Landmark.swift in Sources */ = {isa = PBXBuildFile; fileRef = 8A586B85278434CD002B6E4C /* Landmark.swift */; };
		8A586B8A27843A30002B6E4C /* ModelData.swift in Sources */ = {isa = PBXBuildFile; fileRef = 8A586B8927843A30002B6E4C /* ModelData.swift */; };
		8A586B8D27843ABF002B6E4C /* LandmarkRow.swift in Sources */ = {isa = PBXBuildFile; fileRef = 8A586B8C27843ABF002B6E4C /* LandmarkRow.swift */; };
		8A586B8F27843DE2002B6E4C /* LandmarkList.swift in Sources */ = {isa = PBXBuildFile; fileRef = 8A586B8E27843DE2002B6E4C /* LandmarkList.swift */; };
		8A586B91278440F4002B6E4C /* DetailView.swift in Sources */ = {isa = PBXBuildFile; fileRef = 8A586B90278440F4002B6E4C /* DetailView.swift */; };
/* End PBXBuildFile section */

/* Begin PBXFileReference section */
		8A586B5E2783E69F002B6E4C /* MySwiftUI.app */ = {isa = PBXFileReference; explicitFileType = wrapper.application; includeInIndex = 0; path = MySwiftUI.app; sourceTree = BUILT_PRODUCTS_DIR; };
		8A586B612783E69F002B6E4C /* MySwiftUIApp.swift */ = {isa = PBXFileReference; lastKnownFileType = sourcecode.swift; path = MySwiftUIApp.swift; sourceTree = "<group>"; };
		8A586B632783E69F002B6E4C /* ContentView.swift */ = {isa = PBXFileReference; lastKnownFileType = sourcecode.swift; path = ContentView.swift; sourceTree = "<group>"; };
		8A586B652783E6A1002B6E4C /* Assets.xcassets */ = {isa = PBXFileReference; lastKnownFileType = folder.assetcatalog; path = Assets.xcassets; sourceTree = "<group>"; };
		8A586B682783E6A1002B6E4C /* Preview Assets.xcassets */ = {isa = PBXFileReference; lastKnownFileType = folder.assetcatalog; path = "Preview Assets.xcassets"; sourceTree = "<group>"; };
		8A586B75278418FD002B6E4C /* ProfileView.swift */ = {isa = PBXFileReference; lastKnownFileType = sourcecode.swift; path = ProfileView.swift; sourceTree = "<group>"; };
		8A586B7927841A90002B6E4C /* LandmarksView.swift */ = {isa = PBXFileReference; lastKnownFileType = sourcecode.swift; path = LandmarksView.swift; sourceTree = "<group>"; };
		8A586B7E278427D8002B6E4C /* CircleImageView.swift */ = {isa = PBXFileReference; lastKnownFileType = sourcecode.swift; path = CircleImageView.swift; sourceTree = "<group>"; };
		8A586B80278428E8002B6E4C /* MapView.swift */ = {isa = PBXFileReference; lastKnownFileType = sourcecode.swift; path = MapView.swift; sourceTree = "<group>"; };
		8A586B8327843450002B6E4C /* landmarkData.json */ = {isa = PBXFileReference; fileEncoding = 4; lastKnownFileType = text.json; name = landmarkData.json; path = Resources/landmarkData.json; sourceTree = SOURCE_ROOT; };
		8A586B85278434CD002B6E4C /* Landmark.swift */ = {isa = PBXFileReference; lastKnownFileType = sourcecode.swift; path = Landmark.swift; sourceTree = "<group>"; };
		8A586B8927843A30002B6E4C /* ModelData.swift */ = {isa = PBXFileReference; lastKnownFileType = sourcecode.swift; path = ModelData.swift; sourceTree = "<group>"; };
		8A586B8C27843ABF002B6E4C /* LandmarkRow.swift */ = {isa = PBXFileReference; lastKnownFileType = sourcecode.swift; path = LandmarkRow.swift; sourceTree = "<group>"; };
		8A586B8E27843DE2002B6E4C /* LandmarkList.swift */ = {isa = PBXFileReference; lastKnownFileType = sourcecode.swift; path = LandmarkList.swift; sourceTree = "<group>"; };
		8A586B90278440F4002B6E4C /* DetailView.swift */ = {isa = PBXFileReference; lastKnownFileType = sourcecode.swift; path = DetailView.swift; sourceTree = "<group>"; };
/* End PBXFileReference section */

/* Begin PBXFrameworksBuildPhase section */
		8A586B5B2783E69F002B6E4C /* Frameworks */ = {
			isa = PBXFrameworksBuildPhase;
			buildActionMask = 2147483647;
			files = (
			);
			runOnlyForDeploymentPostprocessing = 0;
		};
/* End PBXFrameworksBuildPhase section */

/* Begin PBXGroup section */
		8A586B552783E69F002B6E4C = {
			isa = PBXGroup;
			children = (
				8A586B602783E69F002B6E4C /* MySwiftUI */,
				8A586B5F2783E69F002B6E4C /* Products */,
			);
			sourceTree = "<group>";
		};
		8A586B5F2783E69F002B6E4C /* Products */ = {
			isa = PBXGroup;
			children = (
				8A586B5E2783E69F002B6E4C /* MySwiftUI.app */,
			);
			name = Products;
			sourceTree = "<group>";
		};
		8A586B602783E69F002B6E4C /* MySwiftUI */ = {
			isa = PBXGroup;
			children = (
				8A586B8B27843A90002B6E4C /* Model */,
				8A586B612783E69F002B6E4C /* MySwiftUIApp.swift */,
				8A586B8827843725002B6E4C /* Views */,
				8A586B652783E6A1002B6E4C /* Assets.xcassets */,
				8A586B8327843450002B6E4C /* landmarkData.json */,
				8A586B672783E6A1002B6E4C /* Preview Content */,
			);
			path = MySwiftUI;
			sourceTree = "<group>";
		};
		8A586B672783E6A1002B6E4C /* Preview Content */ = {
			isa = PBXGroup;
			children = (
				8A586B682783E6A1002B6E4C /* Preview Assets.xcassets */,
			);
			path = "Preview Content";
			sourceTree = "<group>";
		};
		8A586B7D278427A3002B6E4C /* Home */ = {
			isa = PBXGroup;
			children = (
				8A586B9227844CD5002B6E4C /* TableView */,
				8A586B7927841A90002B6E4C /* LandmarksView.swift */,
				8A586B7E278427D8002B6E4C /* CircleImageView.swift */,
				8A586B80278428E8002B6E4C /* MapView.swift */,
			);
			path = Home;
			sourceTree = "<group>";
		};
		8A586B8227842FF5002B6E4C /* Profile */ = {
			isa = PBXGroup;
			children = (
				8A586B75278418FD002B6E4C /* ProfileView.swift */,
			);
			path = Profile;
			sourceTree = "<group>";
		};
		8A586B8827843725002B6E4C /* Views */ = {
			isa = PBXGroup;
			children = (
				8A586B632783E69F002B6E4C /* ContentView.swift */,
				8A586B7D278427A3002B6E4C /* Home */,
				8A586B8227842FF5002B6E4C /* Profile */,
			);
			path = Views;
			sourceTree = "<group>";
		};
		8A586B8B27843A90002B6E4C /* Model */ = {
			isa = PBXGroup;
			children = (
				8A586B85278434CD002B6E4C /* Landmark.swift */,
				8A586B8927843A30002B6E4C /* ModelData.swift */,
			);
			path = Model;
			sourceTree = "<group>";
		};
		8A586B9227844CD5002B6E4C /* TableView */ = {
			isa = PBXGroup;
			children = (
				8A586B8C27843ABF002B6E4C /* LandmarkRow.swift */,
				8A586B8E27843DE2002B6E4C /* LandmarkList.swift */,
				8A586B90278440F4002B6E4C /* DetailView.swift */,
			);
			path = TableView;
			sourceTree = "<group>";
		};
/* End PBXGroup section */

/* Begin PBXNativeTarget section */
		8A586B5D2783E69F002B6E4C /* MySwiftUI */ = {
			isa = PBXNativeTarget;
			buildConfigurationList = 8A586B6C2783E6A1002B6E4C /* Build configuration list for PBXNativeTarget "MySwiftUI" */;
			buildPhases = (
				8A586B5A2783E69F002B6E4C /* Sources */,
				8A586B5B2783E69F002B6E4C /* Frameworks */,
				8A586B5C2783E69F002B6E4C /* Resources */,
			);
			buildRules = (
			);
			dependencies = (
			);
			name = MySwiftUI;
			productName = MySwiftUI;
			productReference = 8A586B5E2783E69F002B6E4C /* MySwiftUI.app */;
			productType = "com.apple.product-type.application";
		};
/* End PBXNativeTarget section */

/* Begin PBXProject section */
		8A586B562783E69F002B6E4C /* Project object */ = {
			isa = PBXProject;
			attributes = {
				BuildIndependentTargetsInParallel = 1;
				LastSwiftUpdateCheck = 1320;
				LastUpgradeCheck = 1320;
				TargetAttributes = {
					8A586B5D2783E69F002B6E4C = {
						CreatedOnToolsVersion = 13.2.1;
					};
				};
			};
			buildConfigurationList = 8A586B592783E69F002B6E4C /* Build configuration list for PBXProject "MySwiftUI" */;
			compatibilityVersion = "Xcode 13.0";
			developmentRegion = en;
			hasScannedForEncodings = 0;
			knownRegions = (
				en,
				Base,
			);
			mainGroup = 8A586B552783E69F002B6E4C;
			productRefGroup = 8A586B5F2783E69F002B6E4C /* Products */;
			projectDirPath = "";
			projectRoot = "";
			targets = (
				8A586B5D2783E69F002B6E4C /* MySwiftUI */,
			);
		};
/* End PBXProject section */

/* Begin PBXResourcesBuildPhase section */
		8A586B5C2783E69F002B6E4C /* Resources */ = {
			isa = PBXResourcesBuildPhase;
			buildActionMask = 2147483647;
			files = (
				8A586B692783E6A1002B6E4C /* Preview Assets.xcassets in Resources */,
				8A586B662783E6A1002B6E4C /* Assets.xcassets in Resources */,
				8A586B8427843450002B6E4C /* landmarkData.json in Resources */,
			);
			runOnlyForDeploymentPostprocessing = 0;
		};
/* End PBXResourcesBuildPhase section */

/* Begin PBXSourcesBuildPhase section */
		8A586B5A2783E69F002B6E4C /* Sources */ = {
			isa = PBXSourcesBuildPhase;
			buildActionMask = 2147483647;
			files = (
				8A586B86278434CD002B6E4C /* Landmark.swift in Sources */,
				8A586B642783E69F002B6E4C /* ContentView.swift in Sources */,
				8A586B81278428E8002B6E4C /* MapView.swift in Sources */,
				8A586B76278418FD002B6E4C /* ProfileView.swift in Sources */,
				8A586B7A27841A90002B6E4C /* LandmarksView.swift in Sources */,
				8A586B91278440F4002B6E4C /* DetailView.swift in Sources */,
				8A586B8A27843A30002B6E4C /* ModelData.swift in Sources */,
				8A586B7F278427D8002B6E4C /* CircleImageView.swift in Sources */,
				8A586B622783E69F002B6E4C /* MySwiftUIApp.swift in Sources */,
				8A586B8D27843ABF002B6E4C /* LandmarkRow.swift in Sources */,
				8A586B8F27843DE2002B6E4C /* LandmarkList.swift in Sources */,
			);
			runOnlyForDeploymentPostprocessing = 0;
		};
/* End PBXSourcesBuildPhase section */

/* Begin XCBuildConfiguration section */
		8A586B6A2783E6A1002B6E4C /* Debug */ = {
			isa = XCBuildConfiguration;
			buildSettings = {
				ALWAYS_SEARCH_USER_PATHS = NO;
				CLANG_ANALYZER_NONNULL = YES;
				CLANG_ANALYZER_NUMBER_OBJECT_CONVERSION = YES_AGGRESSIVE;
				CLANG_CXX_LANGUAGE_STANDARD = "gnu++17";
				CLANG_CXX_LIBRARY = "libc++";
				CLANG_ENABLE_MODULES = YES;
				CLANG_ENABLE_OBJC_ARC = YES;
				CLANG_ENABLE_OBJC_WEAK = YES;
				CLANG_WARN_BLOCK_CAPTURE_AUTORELEASING = YES;
				CLANG_WARN_BOOL_CONVERSION = YES;
				CLANG_WARN_COMMA = YES;
				CLANG_WARN_CONSTANT_CONVERSION = YES;
				CLANG_WARN_DEPRECATED_OBJC_IMPLEMENTATIONS = YES;
				CLANG_WARN_DIRECT_OBJC_ISA_USAGE = YES_ERROR;
				CLANG_WARN_DOCUMENTATION_COMMENTS = YES;
				CLANG_WARN_EMPTY_BODY = YES;
				CLANG_WARN_ENUM_CONVERSION = YES;
				CLANG_WARN_INFINITE_RECURSION = YES;
				CLANG_WARN_INT_CONVERSION = YES;
				CLANG_WARN_NON_LITERAL_NULL_CONVERSION = YES;
				CLANG_WARN_OBJC_IMPLICIT_RETAIN_SELF = YES;
				CLANG_WARN_OBJC_LITERAL_CONVERSION = YES;
				CLANG_WARN_OBJC_ROOT_CLASS = YES_ERROR;
				CLANG_WARN_QUOTED_INCLUDE_IN_FRAMEWORK_HEADER = YES;
				CLANG_WARN_RANGE_LOOP_ANALYSIS = YES;
				CLANG_WARN_STRICT_PROTOTYPES = YES;
				CLANG_WARN_SUSPICIOUS_MOVE = YES;
				CLANG_WARN_UNGUARDED_AVAILABILITY = YES_AGGRESSIVE;
				CLANG_WARN_UNREACHABLE_CODE = YES;
				CLANG_WARN__DUPLICATE_METHOD_MATCH = YES;
				COPY_PHASE_STRIP = NO;
				DEBUG_INFORMATION_FORMAT = dwarf;
				ENABLE_STRICT_OBJC_MSGSEND = YES;
				ENABLE_TESTABILITY = YES;
				GCC_C_LANGUAGE_STANDARD = gnu11;
				GCC_DYNAMIC_NO_PIC = NO;
				GCC_NO_COMMON_BLOCKS = YES;
				GCC_OPTIMIZATION_LEVEL = 0;
				GCC_PREPROCESSOR_DEFINITIONS = (
					"DEBUG=1",
					"$(inherited)",
				);
				GCC_WARN_64_TO_32_BIT_CONVERSION = YES;
				GCC_WARN_ABOUT_RETURN_TYPE = YES_ERROR;
				GCC_WARN_UNDECLARED_SELECTOR = YES;
				GCC_WARN_UNINITIALIZED_AUTOS = YES_AGGRESSIVE;
				GCC_WARN_UNUSED_FUNCTION = YES;
				GCC_WARN_UNUSED_VARIABLE = YES;
				IPHONEOS_DEPLOYMENT_TARGET = 15.2;
				MTL_ENABLE_DEBUG_INFO = INCLUDE_SOURCE;
				MTL_FAST_MATH = YES;
				ONLY_ACTIVE_ARCH = YES;
				SDKROOT = iphoneos;
				SWIFT_ACTIVE_COMPILATION_CONDITIONS = DEBUG;
				SWIFT_OPTIMIZATION_LEVEL = "-Onone";
			};
			name = Debug;
		};
		8A586B6B2783E6A1002B6E4C /* Release */ = {
			isa = XCBuildConfiguration;
			buildSettings = {
				ALWAYS_SEARCH_USER_PATHS = NO;
				CLANG_ANALYZER_NONNULL = YES;
				CLANG_ANALYZER_NUMBER_OBJECT_CONVERSION = YES_AGGRESSIVE;
				CLANG_CXX_LANGUAGE_STANDARD = "gnu++17";
				CLANG_CXX_LIBRARY = "libc++";
				CLANG_ENABLE_MODULES = YES;
				CLANG_ENABLE_OBJC_ARC = YES;
				CLANG_ENABLE_OBJC_WEAK = YES;
				CLANG_WARN_BLOCK_CAPTURE_AUTORELEASING = YES;
				CLANG_WARN_BOOL_CONVERSION = YES;
				CLANG_WARN_COMMA = YES;
				CLANG_WARN_CONSTANT_CONVERSION = YES;
				CLANG_WARN_DEPRECATED_OBJC_IMPLEMENTATIONS = YES;
				CLANG_WARN_DIRECT_OBJC_ISA_USAGE = YES_ERROR;
				CLANG_WARN_DOCUMENTATION_COMMENTS = YES;
				CLANG_WARN_EMPTY_BODY = YES;
				CLANG_WARN_ENUM_CONVERSION = YES;
				CLANG_WARN_INFINITE_RECURSION = YES;
				CLANG_WARN_INT_CONVERSION = YES;
				CLANG_WARN_NON_LITERAL_NULL_CONVERSION = YES;
				CLANG_WARN_OBJC_IMPLICIT_RETAIN_SELF = YES;
				CLANG_WARN_OBJC_LITERAL_CONVERSION = YES;
				CLANG_WARN_OBJC_ROOT_CLASS = YES_ERROR;
				CLANG_WARN_QUOTED_INCLUDE_IN_FRAMEWORK_HEADER = YES;
				CLANG_WARN_RANGE_LOOP_ANALYSIS = YES;
				CLANG_WARN_STRICT_PROTOTYPES = YES;
				CLANG_WARN_SUSPICIOUS_MOVE = YES;
				CLANG_WARN_UNGUARDED_AVAILABILITY = YES_AGGRESSIVE;
				CLANG_WARN_UNREACHABLE_CODE = YES;
				CLANG_WARN__DUPLICATE_METHOD_MATCH = YES;
				COPY_PHASE_STRIP = NO;
				DEBUG_INFORMATION_FORMAT = "dwarf-with-dsym";
				ENABLE_NS_ASSERTIONS = NO;
				ENABLE_STRICT_OBJC_MSGSEND = YES;
				GCC_C_LANGUAGE_STANDARD = gnu11;
				GCC_NO_COMMON_BLOCKS = YES;
				GCC_WARN_64_TO_32_BIT_CONVERSION = YES;
				GCC_WARN_ABOUT_RETURN_TYPE = YES_ERROR;
				GCC_WARN_UNDECLARED_SELECTOR = YES;
				GCC_WARN_UNINITIALIZED_AUTOS = YES_AGGRESSIVE;
				GCC_WARN_UNUSED_FUNCTION = YES;
				GCC_WARN_UNUSED_VARIABLE = YES;
				IPHONEOS_DEPLOYMENT_TARGET = 15.2;
				MTL_ENABLE_DEBUG_INFO = NO;
				MTL_FAST_MATH = YES;
				SDKROOT = iphoneos;
				SWIFT_COMPILATION_MODE = wholemodule;
				SWIFT_OPTIMIZATION_LEVEL = "-O";
				VALIDATE_PRODUCT = YES;
			};
			name = Release;
		};
		8A586B6D2783E6A1002B6E4C /* Debug */ = {
			isa = XCBuildConfiguration;
			buildSettings = {
				ASSETCATALOG_COMPILER_APPICON_NAME = AppIcon;
				ASSETCATALOG_COMPILER_GLOBAL_ACCENT_COLOR_NAME = AccentColor;
				CODE_SIGN_STYLE = Automatic;
				CURRENT_PROJECT_VERSION = 1;
				DEVELOPMENT_ASSET_PATHS = "\"MySwiftUI/Preview Content\"";
				DEVELOPMENT_TEAM = XVFM64LG29;
				ENABLE_PREVIEWS = YES;
				GENERATE_INFOPLIST_FILE = YES;
				INFOPLIST_KEY_UIApplicationSceneManifest_Generation = YES;
				INFOPLIST_KEY_UIApplicationSupportsIndirectInputEvents = YES;
				INFOPLIST_KEY_UILaunchScreen_Generation = YES;
				INFOPLIST_KEY_UISupportedInterfaceOrientations_iPad = "UIInterfaceOrientationPortrait UIInterfaceOrientationPortraitUpsideDown UIInterfaceOrientationLandscapeLeft UIInterfaceOrientationLandscapeRight";
				INFOPLIST_KEY_UISupportedInterfaceOrientations_iPhone = "UIInterfaceOrientationPortrait UIInterfaceOrientationLandscapeLeft UIInterfaceOrientationLandscapeRight";
				LD_RUNPATH_SEARCH_PATHS = (
					"$(inherited)",
					"@executable_path/Frameworks",
				);
				MARKETING_VERSION = 1.0;
				PRODUCT_BUNDLE_IDENTIFIER = com.test.MySwiftUI;
				PRODUCT_NAME = "$(TARGET_NAME)";
				SWIFT_EMIT_LOC_STRINGS = YES;
				SWIFT_VERSION = 5.0;
				TARGETED_DEVICE_FAMILY = "1,2";
			};
			name = Debug;
		};
		8A586B6E2783E6A1002B6E4C /* Release */ = {
			isa = XCBuildConfiguration;
			buildSettings = {
				ASSETCATALOG_COMPILER_APPICON_NAME = AppIcon;
				ASSETCATALOG_COMPILER_GLOBAL_ACCENT_COLOR_NAME = AccentColor;
				CODE_SIGN_STYLE = Automatic;
				CURRENT_PROJECT_VERSION = 1;
				DEVELOPMENT_ASSET_PATHS = "\"MySwiftUI/Preview Content\"";
				DEVELOPMENT_TEAM = XVFM64LG29;
				ENABLE_PREVIEWS = YES;
				GENERATE_INFOPLIST_FILE = YES;
				INFOPLIST_KEY_UIApplicationSceneManifest_Generation = YES;
				INFOPLIST_KEY_UIApplicationSupportsIndirectInputEvents = YES;
				INFOPLIST_KEY_UILaunchScreen_Generation = YES;
				INFOPLIST_KEY_UISupportedInterfaceOrientations_iPad = "UIInterfaceOrientationPortrait UIInterfaceOrientationPortraitUpsideDown UIInterfaceOrientationLandscapeLeft UIInterfaceOrientationLandscapeRight";
				INFOPLIST_KEY_UISupportedInterfaceOrientations_iPhone = "UIInterfaceOrientationPortrait UIInterfaceOrientationLandscapeLeft UIInterfaceOrientationLandscapeRight";
				LD_RUNPATH_SEARCH_PATHS = (
					"$(inherited)",
					"@executable_path/Frameworks",
				);
				MARKETING_VERSION = 1.0;
				PRODUCT_BUNDLE_IDENTIFIER = com.test.MySwiftUI;
				PRODUCT_NAME = "$(TARGET_NAME)";
				SWIFT_EMIT_LOC_STRINGS = YES;
				SWIFT_VERSION = 5.0;
				TARGETED_DEVICE_FAMILY = "1,2";
			};
			name = Release;
		};
/* End XCBuildConfiguration section */

/* Begin XCConfigurationList section */
		8A586B592783E69F002B6E4C /* Build configuration list for PBXProject "MySwiftUI" */ = {
			isa = XCConfigurationList;
			buildConfigurations = (
				8A586B6A2783E6A1002B6E4C /* Debug */,
				8A586B6B2783E6A1002B6E4C /* Release */,
			);
			defaultConfigurationIsVisible = 0;
			defaultConfigurationName = Release;
		};
		8A586B6C2783E6A1002B6E4C /* Build configuration list for PBXNativeTarget "MySwiftUI" */ = {
			isa = XCConfigurationList;
			buildConfigurations = (
				8A586B6D2783E6A1002B6E4C /* Debug */,
				8A586B6E2783E6A1002B6E4C /* Release */,
			);
			defaultConfigurationIsVisible = 0;
			defaultConfigurationName = Release;
		};
/* End XCConfigurationList section */
	};
	rootObject = 8A586B562783E69F002B6E4C /* Project object */;
}
